// !$*UTF8*$!
{
	archiveVersion = 1;
	classes = {
	};
	objectVersion = 46;
	objects = {

/* Begin PBXBuildFile section */
		026C4587189E35F0000BC8B8 /* Foundation.framework in Frameworks */ = {isa = PBXBuildFile; fileRef = 026C4586189E35F0000BC8B8 /* Foundation.framework */; };
		026C4589189E35F0000BC8B8 /* CoreGraphics.framework in Frameworks */ = {isa = PBXBuildFile; fileRef = 026C4588189E35F0000BC8B8 /* CoreGraphics.framework */; };
		026C458B189E35F0000BC8B8 /* UIKit.framework in Frameworks */ = {isa = PBXBuildFile; fileRef = 026C458A189E35F0000BC8B8 /* UIKit.framework */; };
		026C4591189E35F0000BC8B8 /* InfoPlist.strings in Resources */ = {isa = PBXBuildFile; fileRef = 026C458F189E35F0000BC8B8 /* InfoPlist.strings */; };
		026C4593189E35F0000BC8B8 /* main.m in Sources */ = {isa = PBXBuildFile; fileRef = 026C4592189E35F0000BC8B8 /* main.m */; };
		026C4597189E35F0000BC8B8 /* AppDelegate.m in Sources */ = {isa = PBXBuildFile; fileRef = 026C4596189E35F0000BC8B8 /* AppDelegate.m */; };
		026C459A189E35F0000BC8B8 /* Main.storyboard in Resources */ = {isa = PBXBuildFile; fileRef = 026C4598189E35F0000BC8B8 /* Main.storyboard */; };
		026C459D189E35F0000BC8B8 /* ViewController.m in Sources */ = {isa = PBXBuildFile; fileRef = 026C459C189E35F0000BC8B8 /* ViewController.m */; };
		026C459F189E35F0000BC8B8 /* Images.xcassets in Resources */ = {isa = PBXBuildFile; fileRef = 026C459E189E35F0000BC8B8 /* Images.xcassets */; };
		026C45A6189E35F0000BC8B8 /* XCTest.framework in Frameworks */ = {isa = PBXBuildFile; fileRef = 026C45A5189E35F0000BC8B8 /* XCTest.framework */; };
		026C45A7189E35F0000BC8B8 /* Foundation.framework in Frameworks */ = {isa = PBXBuildFile; fileRef = 026C4586189E35F0000BC8B8 /* Foundation.framework */; };
		026C45A8189E35F0000BC8B8 /* UIKit.framework in Frameworks */ = {isa = PBXBuildFile; fileRef = 026C458A189E35F0000BC8B8 /* UIKit.framework */; };
		026C45B0189E35F0000BC8B8 /* InfoPlist.strings in Resources */ = {isa = PBXBuildFile; fileRef = 026C45AE189E35F0000BC8B8 /* InfoPlist.strings */; };
		026C45B2189E35F0000BC8B8 /* BlobonTests.m in Sources */ = {isa = PBXBuildFile; fileRef = 026C45B1189E35F0000BC8B8 /* BlobonTests.m */; };
		026C45BC189E3639000BC8B8 /* logo.jpg in Resources */ = {isa = PBXBuildFile; fileRef = 026C45BB189E3639000BC8B8 /* logo.jpg */; };
/* End PBXBuildFile section */

/* Begin PBXContainerItemProxy section */
		026C45A9189E35F0000BC8B8 /* PBXContainerItemProxy */ = {
			isa = PBXContainerItemProxy;
			containerPortal = 026C457B189E35F0000BC8B8 /* Project object */;
			proxyType = 1;
			remoteGlobalIDString = 026C4582189E35F0000BC8B8;
			remoteInfo = Blobon;
		};
/* End PBXContainerItemProxy section */

/* Begin PBXFileReference section */
		026C4583189E35F0000BC8B8 /* Blobon.app */ = {isa = PBXFileReference; explicitFileType = wrapper.application; includeInIndex = 0; path = Blobon.app; sourceTree = BUILT_PRODUCTS_DIR; };
		026C4586189E35F0000BC8B8 /* Foundation.framework */ = {isa = PBXFileReference; lastKnownFileType = wrapper.framework; name = Foundation.framework; path = System/Library/Frameworks/Foundation.framework; sourceTree = SDKROOT; };
		026C4588189E35F0000BC8B8 /* CoreGraphics.framework */ = {isa = PBXFileReference; lastKnownFileType = wrapper.framework; name = CoreGraphics.framework; path = System/Library/Frameworks/CoreGraphics.framework; sourceTree = SDKROOT; };
		026C458A189E35F0000BC8B8 /* UIKit.framework */ = {isa = PBXFileReference; lastKnownFileType = wrapper.framework; name = UIKit.framework; path = System/Library/Frameworks/UIKit.framework; sourceTree = SDKROOT; };
		026C458E189E35F0000BC8B8 /* Blobon-Info.plist */ = {isa = PBXFileReference; lastKnownFileType = text.plist.xml; path = "Blobon-Info.plist"; sourceTree = "<group>"; };
		026C4590189E35F0000BC8B8 /* en */ = {isa = PBXFileReference; lastKnownFileType = text.plist.strings; name = en; path = en.lproj/InfoPlist.strings; sourceTree = "<group>"; };
		026C4592189E35F0000BC8B8 /* main.m */ = {isa = PBXFileReference; lastKnownFileType = sourcecode.c.objc; path = main.m; sourceTree = "<group>"; };
		026C4594189E35F0000BC8B8 /* Blobon-Prefix.pch */ = {isa = PBXFileReference; lastKnownFileType = sourcecode.c.h; path = "Blobon-Prefix.pch"; sourceTree = "<group>"; };
		026C4595189E35F0000BC8B8 /* AppDelegate.h */ = {isa = PBXFileReference; lastKnownFileType = sourcecode.c.h; path = AppDelegate.h; sourceTree = "<group>"; };
		026C4596189E35F0000BC8B8 /* AppDelegate.m */ = {isa = PBXFileReference; lastKnownFileType = sourcecode.c.objc; path = AppDelegate.m; sourceTree = "<group>"; };
		026C4599189E35F0000BC8B8 /* Base */ = {isa = PBXFileReference; lastKnownFileType = file.storyboard; name = Base; path = Base.lproj/Main.storyboard; sourceTree = "<group>"; };
		026C459B189E35F0000BC8B8 /* ViewController.h */ = {isa = PBXFileReference; lastKnownFileType = sourcecode.c.h; path = ViewController.h; sourceTree = "<group>"; };
		026C459C189E35F0000BC8B8 /* ViewController.m */ = {isa = PBXFileReference; lastKnownFileType = sourcecode.c.objc; path = ViewController.m; sourceTree = "<group>"; };
		026C459E189E35F0000BC8B8 /* Images.xcassets */ = {isa = PBXFileReference; lastKnownFileType = folder.assetcatalog; path = Images.xcassets; sourceTree = "<group>"; };
		026C45A4189E35F0000BC8B8 /* BlobonTests.xctest */ = {isa = PBXFileReference; explicitFileType = wrapper.cfbundle; includeInIndex = 0; path = BlobonTests.xctest; sourceTree = BUILT_PRODUCTS_DIR; };
		026C45A5189E35F0000BC8B8 /* XCTest.framework */ = {isa = PBXFileReference; lastKnownFileType = wrapper.framework; name = XCTest.framework; path = Library/Frameworks/XCTest.framework; sourceTree = DEVELOPER_DIR; };
		026C45AD189E35F0000BC8B8 /* BlobonTests-Info.plist */ = {isa = PBXFileReference; lastKnownFileType = text.plist.xml; path = "BlobonTests-Info.plist"; sourceTree = "<group>"; };
		026C45AF189E35F0000BC8B8 /* en */ = {isa = PBXFileReference; lastKnownFileType = text.plist.strings; name = en; path = en.lproj/InfoPlist.strings; sourceTree = "<group>"; };
		026C45B1189E35F0000BC8B8 /* BlobonTests.m */ = {isa = PBXFileReference; lastKnownFileType = sourcecode.c.objc; path = BlobonTests.m; sourceTree = "<group>"; };
		026C45BB189E3639000BC8B8 /* logo.jpg */ = {isa = PBXFileReference; lastKnownFileType = image.jpeg; path = logo.jpg; sourceTree = "<group>"; };
/* End PBXFileReference section */

/* Begin PBXFrameworksBuildPhase section */
		026C4580189E35F0000BC8B8 /* Frameworks */ = {
			isa = PBXFrameworksBuildPhase;
			buildActionMask = 2147483647;
			files = (
				026C4589189E35F0000BC8B8 /* CoreGraphics.framework in Frameworks */,
				026C458B189E35F0000BC8B8 /* UIKit.framework in Frameworks */,
				026C4587189E35F0000BC8B8 /* Foundation.framework in Frameworks */,
			);
			runOnlyForDeploymentPostprocessing = 0;
		};
		026C45A1189E35F0000BC8B8 /* Frameworks */ = {
			isa = PBXFrameworksBuildPhase;
			buildActionMask = 2147483647;
			files = (
				026C45A6189E35F0000BC8B8 /* XCTest.framework in Frameworks */,
				026C45A8189E35F0000BC8B8 /* UIKit.framework in Frameworks */,
				026C45A7189E35F0000BC8B8 /* Foundation.framework in Frameworks */,
			);
			runOnlyForDeploymentPostprocessing = 0;
		};
/* End PBXFrameworksBuildPhase section */

/* Begin PBXGroup section */
		026C457A189E35F0000BC8B8 = {
			isa = PBXGroup;
			children = (
				026C458C189E35F0000BC8B8 /* Blobon */,
				026C45AB189E35F0000BC8B8 /* BlobonTests */,
				026C4585189E35F0000BC8B8 /* Frameworks */,
				026C4584189E35F0000BC8B8 /* Products */,
			);
			sourceTree = "<group>";
		};
		026C4584189E35F0000BC8B8 /* Products */ = {
			isa = PBXGroup;
			children = (
				026C4583189E35F0000BC8B8 /* Blobon.app */,
				026C45A4189E35F0000BC8B8 /* BlobonTests.xctest */,
			);
			name = Products;
			sourceTree = "<group>";
		};
		026C4585189E35F0000BC8B8 /* Frameworks */ = {
			isa = PBXGroup;
			children = (
				026C4586189E35F0000BC8B8 /* Foundation.framework */,
				026C4588189E35F0000BC8B8 /* CoreGraphics.framework */,
				026C458A189E35F0000BC8B8 /* UIKit.framework */,
				026C45A5189E35F0000BC8B8 /* XCTest.framework */,
			);
			name = Frameworks;
			sourceTree = "<group>";
		};
		026C458C189E35F0000BC8B8 /* Blobon */ = {
			isa = PBXGroup;
			children = (
				026C4595189E35F0000BC8B8 /* AppDelegate.h */,
				026C4596189E35F0000BC8B8 /* AppDelegate.m */,
				026C4598189E35F0000BC8B8 /* Main.storyboard */,
				026C459B189E35F0000BC8B8 /* ViewController.h */,
				026C459C189E35F0000BC8B8 /* ViewController.m */,
				026C459E189E35F0000BC8B8 /* Images.xcassets */,
				026C45BB189E3639000BC8B8 /* logo.jpg */,
				026C458D189E35F0000BC8B8 /* Supporting Files */,
			);
			path = Blobon;
			sourceTree = "<group>";
		};
		026C458D189E35F0000BC8B8 /* Supporting Files */ = {
			isa = PBXGroup;
			children = (
				026C458E189E35F0000BC8B8 /* Blobon-Info.plist */,
				026C458F189E35F0000BC8B8 /* InfoPlist.strings */,
				026C4592189E35F0000BC8B8 /* main.m */,
				026C4594189E35F0000BC8B8 /* Blobon-Prefix.pch */,
			);
			name = "Supporting Files";
			sourceTree = "<group>";
		};
		026C45AB189E35F0000BC8B8 /* BlobonTests */ = {
			isa = PBXGroup;
			children = (
				026C45B1189E35F0000BC8B8 /* BlobonTests.m */,
				026C45AC189E35F0000BC8B8 /* Supporting Files */,
			);
			path = BlobonTests;
			sourceTree = "<group>";
		};
		026C45AC189E35F0000BC8B8 /* Supporting Files */ = {
			isa = PBXGroup;
			children = (
				026C45AD189E35F0000BC8B8 /* BlobonTests-Info.plist */,
				026C45AE189E35F0000BC8B8 /* InfoPlist.strings */,
			);
			name = "Supporting Files";
			sourceTree = "<group>";
		};
/* End PBXGroup section */

/* Begin PBXNativeTarget section */
		026C4582189E35F0000BC8B8 /* Blobon */ = {
			isa = PBXNativeTarget;
			buildConfigurationList = 026C45B5189E35F0000BC8B8 /* Build configuration list for PBXNativeTarget "Blobon" */;
			buildPhases = (
				026C457F189E35F0000BC8B8 /* Sources */,
				026C4580189E35F0000BC8B8 /* Frameworks */,
				026C4581189E35F0000BC8B8 /* Resources */,
			);
			buildRules = (
			);
			dependencies = (
			);
			name = Blobon;
			productName = Blobon;
			productReference = 026C4583189E35F0000BC8B8 /* Blobon.app */;
			productType = "com.apple.product-type.application";
		};
		026C45A3189E35F0000BC8B8 /* BlobonTests */ = {
			isa = PBXNativeTarget;
			buildConfigurationList = 026C45B8189E35F0000BC8B8 /* Build configuration list for PBXNativeTarget "BlobonTests" */;
			buildPhases = (
				026C45A0189E35F0000BC8B8 /* Sources */,
				026C45A1189E35F0000BC8B8 /* Frameworks */,
				026C45A2189E35F0000BC8B8 /* Resources */,
			);
			buildRules = (
			);
			dependencies = (
				026C45AA189E35F0000BC8B8 /* PBXTargetDependency */,
			);
			name = BlobonTests;
			productName = BlobonTests;
			productReference = 026C45A4189E35F0000BC8B8 /* BlobonTests.xctest */;
			productType = "com.apple.product-type.bundle.unit-test";
		};
/* End PBXNativeTarget section */

/* Begin PBXProject section */
		026C457B189E35F0000BC8B8 /* Project object */ = {
			isa = PBXProject;
			attributes = {
				LastUpgradeCheck = 0500;
				ORGANIZATIONNAME = "Gabriel Dancause";
				TargetAttributes = {
					026C45A3189E35F0000BC8B8 = {
						TestTargetID = 026C4582189E35F0000BC8B8;
					};
				};
			};
			buildConfigurationList = 026C457E189E35F0000BC8B8 /* Build configuration list for PBXProject "Blobon" */;
			compatibilityVersion = "Xcode 3.2";
			developmentRegion = English;
			hasScannedForEncodings = 0;
			knownRegions = (
				en,
				Base,
			);
			mainGroup = 026C457A189E35F0000BC8B8;
			productRefGroup = 026C4584189E35F0000BC8B8 /* Products */;
			projectDirPath = "";
			projectRoot = "";
			targets = (
				026C4582189E35F0000BC8B8 /* Blobon */,
				026C45A3189E35F0000BC8B8 /* BlobonTests */,
			);
		};
/* End PBXProject section */

/* Begin PBXResourcesBuildPhase section */
		026C4581189E35F0000BC8B8 /* Resources */ = {
			isa = PBXResourcesBuildPhase;
			buildActionMask = 2147483647;
			files = (
				026C45BC189E3639000BC8B8 /* logo.jpg in Resources */,
				026C459F189E35F0000BC8B8 /* Images.xcassets in Resources */,
				026C4591189E35F0000BC8B8 /* InfoPlist.strings in Resources */,
				026C459A189E35F0000BC8B8 /* Main.storyboard in Resources */,
			);
			runOnlyForDeploymentPostprocessing = 0;
		};
		026C45A2189E35F0000BC8B8 /* Resources */ = {
			isa = PBXResourcesBuildPhase;
			buildActionMask = 2147483647;
			files = (
				026C45B0189E35F0000BC8B8 /* InfoPlist.strings in Resources */,
			);
			runOnlyForDeploymentPostprocessing = 0;
		};
/* End PBXResourcesBuildPhase section */

/* Begin PBXSourcesBuildPhase section */
		026C457F189E35F0000BC8B8 /* Sources */ = {
			isa = PBXSourcesBuildPhase;
			buildActionMask = 2147483647;
			files = (
				026C459D189E35F0000BC8B8 /* ViewController.m in Sources */,
				026C4597189E35F0000BC8B8 /* AppDelegate.m in Sources */,
				026C4593189E35F0000BC8B8 /* main.m in Sources */,
			);
			runOnlyForDeploymentPostprocessing = 0;
		};
		026C45A0189E35F0000BC8B8 /* Sources */ = {
			isa = PBXSourcesBuildPhase;
			buildActionMask = 2147483647;
			files = (
				026C45B2189E35F0000BC8B8 /* BlobonTests.m in Sources */,
			);
			runOnlyForDeploymentPostprocessing = 0;
		};
/* End PBXSourcesBuildPhase section */

/* Begin PBXTargetDependency section */
		026C45AA189E35F0000BC8B8 /* PBXTargetDependency */ = {
			isa = PBXTargetDependency;
			target = 026C4582189E35F0000BC8B8 /* Blobon */;
			targetProxy = 026C45A9189E35F0000BC8B8 /* PBXContainerItemProxy */;
		};
/* End PBXTargetDependency section */

/* Begin PBXVariantGroup section */
		026C458F189E35F0000BC8B8 /* InfoPlist.strings */ = {
			isa = PBXVariantGroup;
			children = (
				026C4590189E35F0000BC8B8 /* en */,
			);
			name = InfoPlist.strings;
			sourceTree = "<group>";
		};
		026C4598189E35F0000BC8B8 /* Main.storyboard */ = {
			isa = PBXVariantGroup;
			children = (
				026C4599189E35F0000BC8B8 /* Base */,
			);
			name = Main.storyboard;
			sourceTree = "<group>";
		};
		026C45AE189E35F0000BC8B8 /* InfoPlist.strings */ = {
			isa = PBXVariantGroup;
			children = (
				026C45AF189E35F0000BC8B8 /* en */,
			);
			name = InfoPlist.strings;
			sourceTree = "<group>";
		};
/* End PBXVariantGroup section */

/* Begin XCBuildConfiguration section */
		026C45B3189E35F0000BC8B8 /* Debug */ = {
			isa = XCBuildConfiguration;
			buildSettings = {
				ALWAYS_SEARCH_USER_PATHS = NO;
				ARCHS = "$(ARCHS_STANDARD_INCLUDING_64_BIT)";
				CLANG_CXX_LANGUAGE_STANDARD = "gnu++0x";
				CLANG_CXX_LIBRARY = "libc++";
				CLANG_ENABLE_MODULES = YES;
				CLANG_ENABLE_OBJC_ARC = YES;
				CLANG_WARN_BOOL_CONVERSION = YES;
				CLANG_WARN_CONSTANT_CONVERSION = YES;
				CLANG_WARN_DIRECT_OBJC_ISA_USAGE = YES_ERROR;
				CLANG_WARN_EMPTY_BODY = YES;
				CLANG_WARN_ENUM_CONVERSION = YES;
				CLANG_WARN_INT_CONVERSION = YES;
				CLANG_WARN_OBJC_ROOT_CLASS = YES_ERROR;
				CLANG_WARN__DUPLICATE_METHOD_MATCH = YES;
				"CODE_SIGN_IDENTITY[sdk=iphoneos*]" = "iPhone Developer";
				COPY_PHASE_STRIP = NO;
				GCC_C_LANGUAGE_STANDARD = gnu99;
				GCC_DYNAMIC_NO_PIC = NO;
				GCC_OPTIMIZATION_LEVEL = 0;
				GCC_PREPROCESSOR_DEFINITIONS = (
					"DEBUG=1",
					"$(inherited)",
				);
				GCC_SYMBOLS_PRIVATE_EXTERN = NO;
				GCC_WARN_64_TO_32_BIT_CONVERSION = YES;
				GCC_WARN_ABOUT_RETURN_TYPE = YES_ERROR;
				GCC_WARN_UNDECLARED_SELECTOR = YES;
				GCC_WARN_UNINITIALIZED_AUTOS = YES;
				GCC_WARN_UNUSED_FUNCTION = YES;
				GCC_WARN_UNUSED_VARIABLE = YES;
				IPHONEOS_DEPLOYMENT_TARGET = 7.0;
				ONLY_ACTIVE_ARCH = YES;
				SDKROOT = iphoneos;
			};
			name = Debug;
		};
		026C45B4189E35F0000BC8B8 /* Release */ = {
			isa = XCBuildConfiguration;
			buildSettings = {
				ALWAYS_SEARCH_USER_PATHS = NO;
				ARCHS = "$(ARCHS_STANDARD_INCLUDING_64_BIT)";
				CLANG_CXX_LANGUAGE_STANDARD = "gnu++0x";
				CLANG_CXX_LIBRARY = "libc++";
				CLANG_ENABLE_MODULES = YES;
				CLANG_ENABLE_OBJC_ARC = YES;
				CLANG_WARN_BOOL_CONVERSION = YES;
				CLANG_WARN_CONSTANT_CONVERSION = YES;
				CLANG_WARN_DIRECT_OBJC_ISA_USAGE = YES_ERROR;
				CLANG_WARN_EMPTY_BODY = YES;
				CLANG_WARN_ENUM_CONVERSION = YES;
				CLANG_WARN_INT_CONVERSION = YES;
				CLANG_WARN_OBJC_ROOT_CLASS = YES_ERROR;
				CLANG_WARN__DUPLICATE_METHOD_MATCH = YES;
				"CODE_SIGN_IDENTITY[sdk=iphoneos*]" = "iPhone Developer";
				COPY_PHASE_STRIP = YES;
				ENABLE_NS_ASSERTIONS = NO;
				GCC_C_LANGUAGE_STANDARD = gnu99;
				GCC_WARN_64_TO_32_BIT_CONVERSION = YES;
				GCC_WARN_ABOUT_RETURN_TYPE = YES_ERROR;
				GCC_WARN_UNDECLARED_SELECTOR = YES;
				GCC_WARN_UNINITIALIZED_AUTOS = YES;
				GCC_WARN_UNUSED_FUNCTION = YES;
				GCC_WARN_UNUSED_VARIABLE = YES;
				IPHONEOS_DEPLOYMENT_TARGET = 7.0;
				SDKROOT = iphoneos;
				VALIDATE_PRODUCT = YES;
			};
			name = Release;
		};
		026C45B6189E35F0000BC8B8 /* Debug */ = {
			isa = XCBuildConfiguration;
			buildSettings = {
				ASSETCATALOG_COMPILER_APPICON_NAME = AppIcon;
				ASSETCATALOG_COMPILER_LAUNCHIMAGE_NAME = LaunchImage;
				GCC_PRECOMPILE_PREFIX_HEADER = YES;
				GCC_PREFIX_HEADER = "Blobon/Blobon-Prefix.pch";
				INFOPLIST_FILE = "Blobon/Blobon-Info.plist";
				PRODUCT_NAME = "$(TARGET_NAME)";
				WRAPPER_EXTENSION = app;
			};
			name = Debug;
		};
		026C45B7189E35F0000BC8B8 /* Release */ = {
			isa = XCBuildConfiguration;
			buildSettings = {
				ASSETCATALOG_COMPILER_APPICON_NAME = AppIcon;
				ASSETCATALOG_COMPILER_LAUNCHIMAGE_NAME = LaunchImage;
				GCC_PRECOMPILE_PREFIX_HEADER = YES;
				GCC_PREFIX_HEADER = "Blobon/Blobon-Prefix.pch";
				INFOPLIST_FILE = "Blobon/Blobon-Info.plist";
				PRODUCT_NAME = "$(TARGET_NAME)";
				WRAPPER_EXTENSION = app;
			};
			name = Release;
		};
		026C45B9189E35F0000BC8B8 /* Debug */ = {
			isa = XCBuildConfiguration;
			buildSettings = {
				ARCHS = "$(ARCHS_STANDARD_INCLUDING_64_BIT)";
				BUNDLE_LOADER = "$(BUILT_PRODUCTS_DIR)/Blobon.app/Blobon";
				FRAMEWORK_SEARCH_PATHS = (
					"$(SDKROOT)/Developer/Library/Frameworks",
					"$(inherited)",
					"$(DEVELOPER_FRAMEWORKS_DIR)",
				);
				GCC_PRECOMPILE_PREFIX_HEADER = YES;
				GCC_PREFIX_HEADER = "Blobon/Blobon-Prefix.pch";
				GCC_PREPROCESSOR_DEFINITIONS = (
					"DEBUG=1",
					"$(inherited)",
				);
				INFOPLIST_FILE = "BlobonTests/BlobonTests-Info.plist";
				PRODUCT_NAME = "$(TARGET_NAME)";
				TEST_HOST = "$(BUNDLE_LOADER)";
				WRAPPER_EXTENSION = xctest;
			};
			name = Debug;
		};
		026C45BA189E35F0000BC8B8 /* Release */ = {
			isa = XCBuildConfiguration;
			buildSettings = {
				ARCHS = "$(ARCHS_STANDARD_INCLUDING_64_BIT)";
				BUNDLE_LOADER = "$(BUILT_PRODUCTS_DIR)/Blobon.app/Blobon";
				FRAMEWORK_SEARCH_PATHS = (
					"$(SDKROOT)/Developer/Library/Frameworks",
					"$(inherited)",
					"$(DEVELOPER_FRAMEWORKS_DIR)",
				);
				GCC_PRECOMPILE_PREFIX_HEADER = YES;
				GCC_PREFIX_HEADER = "Blobon/Blobon-Prefix.pch";
				INFOPLIST_FILE = "BlobonTests/BlobonTests-Info.plist";
				PRODUCT_NAME = "$(TARGET_NAME)";
				TEST_HOST = "$(BUNDLE_LOADER)";
				WRAPPER_EXTENSION = xctest;
			};
			name = Release;
		};
/* End XCBuildConfiguration section */

/* Begin XCConfigurationList section */
		026C457E189E35F0000BC8B8 /* Build configuration list for PBXProject "Blobon" */ = {
			isa = XCConfigurationList;
			buildConfigurations = (
				026C45B3189E35F0000BC8B8 /* Debug */,
				026C45B4189E35F0000BC8B8 /* Release */,
			);
			defaultConfigurationIsVisible = 0;
			defaultConfigurationName = Release;
		};
		026C45B5189E35F0000BC8B8 /* Build configuration list for PBXNativeTarget "Blobon" */ = {
			isa = XCConfigurationList;
			buildConfigurations = (
				026C45B6189E35F0000BC8B8 /* Debug */,
				026C45B7189E35F0000BC8B8 /* Release */,
			);
			defaultConfigurationIsVisible = 0;
		};
		026C45B8189E35F0000BC8B8 /* Build configuration list for PBXNativeTarget "BlobonTests" */ = {
			isa = XCConfigurationList;
			buildConfigurations = (
				026C45B9189E35F0000BC8B8 /* Debug */,
				026C45BA189E35F0000BC8B8 /* Release */,
			);
			defaultConfigurationIsVisible = 0;
		};
/* End XCConfigurationList section */
	};
	rootObject = 026C457B189E35F0000BC8B8 /* Project object */;
}
